
Microsoft Visual Studio Solution File, Format Version 12.00
# Visual Studio Version 17
VisualStudioVersion = 17.14.36429.23
MinimumVisualStudioVersion = 10.0.40219.1
Project("{FAE04EC0-301F-11D3-BF4B-00C04F79EFBC}") = "Capstone Project v0.1", "Capstone Project v0.1.csproj", "{C9E80E43-0BCB-4E5F-B6F6-D9DC95717BA7}"
EndProject
Project("{FAE04EC0-301F-11D3-BF4B-00C04F79EFBC}") = "Capstone Project v0.1Tests3", "..\Capstone Project v0.1Tests3\Capstone Project v0.1Tests3.csproj", "{EBE441D0-354D-49FA-B0B0-9489D6F89323}"
EndProject
Global
	GlobalSection(SolutionConfigurationPlatforms) = preSolution
		Debug|Any CPU = Debug|Any CPU
		Release|Any CPU = Release|Any CPU
	EndGlobalSection
	GlobalSection(ProjectConfigurationPlatforms) = postSolution
		{C9E80E43-0BCB-4E5F-B6F6-D9DC95717BA7}.Debug|Any CPU.ActiveCfg = Debug|Any CPU
		{C9E80E43-0BCB-4E5F-B6F6-D9DC95717BA7}.Debug|Any CPU.Build.0 = Debug|Any CPU
		{C9E80E43-0BCB-4E5F-B6F6-D9DC95717BA7}.Release|Any CPU.ActiveCfg = Release|Any CPU
		{C9E80E43-0BCB-4E5F-B6F6-D9DC95717BA7}.Release|Any CPU.Build.0 = Release|Any CPU
		{EBE441D0-354D-49FA-B0B0-9489D6F89323}.Debug|Any CPU.ActiveCfg = Debug|Any CPU
		{EBE441D0-354D-49FA-B0B0-9489D6F89323}.Debug|Any CPU.Build.0 = Debug|Any CPU
		{EBE441D0-354D-49FA-B0B0-9489D6F89323}.Release|Any CPU.ActiveCfg = Release|Any CPU
		{EBE441D0-354D-49FA-B0B0-9489D6F89323}.Release|Any CPU.Build.0 = Release|Any CPU
	EndGlobalSection
	GlobalSection(SolutionProperties) = preSolution
		HideSolutionNode = FALSE
	EndGlobalSection
	GlobalSection(ExtensibilityGlobals) = postSolution
		SolutionGuid = {21C0AF5B-C049-410D-9E13-66B418D0D923}
	EndGlobalSection
EndGlobal
